lockfileVersion: '6.0'

settings:
  autoInstallPeers: true
  excludeLinksFromLockfile: false

dependencies:
  prettier:
    specifier: '>=3.0.0 <4.0.0'
    version: 3.6.2
  vitest:
    specifier: '>=1.0.0 <2.0.0'
    version: 1.6.1

devDependencies:
  '@rslib/core':
    specifier: ^0.13.2
    version: 0.13.2(typescript@5.9.2)
  '@types/prettier':
    specifier: ^3.0.0
    version: 3.0.0
  typescript:
    specifier: ^5.9.2
    version: 5.9.2

packages:

  /@ast-grep/napi-darwin-arm64@0.37.0:
    resolution: {integrity: sha512-QAiIiaAbLvMEg/yBbyKn+p1gX2/FuaC0SMf7D7capm/oG4xGMzdeaQIcSosF4TCxxV+hIH4Bz9e4/u7w6Bnk3Q==}
    engines: {node: '>= 10'}
    cpu: [arm64]
    os: [darwin]
    requiresBuild: true
    dev: true
    optional: true

  /@ast-grep/napi-darwin-x64@0.37.0:
    resolution: {integrity: sha512-zvcvdgekd4ySV3zUbUp8HF5nk5zqwiMXTuVzTUdl/w08O7JjM6XPOIVT+d2o/MqwM9rsXdzdergY5oY2RdhSPA==}
    engines: {node: '>= 10'}
    cpu: [x64]
    os: [darwin]
    requiresBuild: true
    dev: true
    optional: true

  /@ast-grep/napi-linux-arm64-gnu@0.37.0:
    resolution: {integrity: sha512-L7Sj0lXy8X+BqSMgr1LB8cCoWk0rericdeu+dC8/c8zpsav5Oo2IQKY1PmiZ7H8IHoFBbURLf8iklY9wsD+cyA==}
    engines: {node: '>= 10'}
    cpu: [arm64]
    os: [linux]
    requiresBuild: true
    dev: true
    optional: true

  /@ast-grep/napi-linux-arm64-musl@0.37.0:
    resolution: {integrity: sha512-LF9sAvYy6es/OdyJDO3RwkX3I82Vkfsng1sqUBcoWC1jVb1wX5YVzHtpQox9JrEhGl+bNp7FYxB4Qba9OdA5GA==}
    engines: {node: '>= 10'}
    cpu: [arm64]
    os: [linux]
    requiresBuild: true
    dev: true
    optional: true

  /@ast-grep/napi-linux-x64-gnu@0.37.0:
    resolution: {integrity: sha512-TViz5/klqre6aSmJzswEIjApnGjJzstG/SE8VDWsrftMBMYt2PTu3MeluZVwzSqDao8doT/P+6U11dU05UOgxw==}
    engines: {node: '>= 10'}
    cpu: [x64]
    os: [linux]
    requiresBuild: true
    dev: true
    optional: true

  /@ast-grep/napi-linux-x64-musl@0.37.0:
    resolution: {integrity: sha512-/BcCH33S9E3ovOAEoxYngUNXgb+JLg991sdyiNP2bSoYd30a9RHrG7CYwW6fMgua3ijQ474eV6cq9yZO1bCpXg==}
    engines: {node: '>= 10'}
    cpu: [x64]
    os: [linux]
    requiresBuild: true
    dev: true
    optional: true

  /@ast-grep/napi-win32-arm64-msvc@0.37.0:
    resolution: {integrity: sha512-TjQA4cFoIEW2bgjLkaL9yqT4XWuuLa5MCNd0VCDhGRDMNQ9+rhwi9eLOWRaap3xzT7g+nlbcEHL3AkVCD2+b3A==}
    engines: {node: '>= 10'}
    cpu: [arm64]
    os: [win32]
    requiresBuild: true
    dev: true
    optional: true

  /@ast-grep/napi-win32-ia32-msvc@0.37.0:
    resolution: {integrity: sha512-uNmVka8fJCdYsyOlF9aZqQMLTatEYBynjChVTzUfFMDfmZ0bihs/YTqJVbkSm8TZM7CUX82apvn50z/dX5iWRA==}
    engines: {node: '>= 10'}
    cpu: [ia32]
    os: [win32]
    requiresBuild: true
    dev: true
    optional: true

  /@ast-grep/napi-win32-x64-msvc@0.37.0:
    resolution: {integrity: sha512-vCiFOT3hSCQuHHfZ933GAwnPzmL0G04JxQEsBRfqONywyT8bSdDc/ECpAfr3S9VcS4JZ9/F6tkePKW/Om2Dq2g==}
    engines: {node: '>= 10'}
    cpu: [x64]
    os: [win32]
    requiresBuild: true
    dev: true
    optional: true

  /@ast-grep/napi@0.37.0:
    resolution: {integrity: sha512-Hb4o6h1Pf6yRUAX07DR4JVY7dmQw+RVQMW5/m55GoiAT/VRoKCWBtIUPPOnqDVhbx1Cjfil9b6EDrgJsUAujEQ==}
    engines: {node: '>= 10'}
    optionalDependencies:
      '@ast-grep/napi-darwin-arm64': 0.37.0
      '@ast-grep/napi-darwin-x64': 0.37.0
      '@ast-grep/napi-linux-arm64-gnu': 0.37.0
      '@ast-grep/napi-linux-arm64-musl': 0.37.0
      '@ast-grep/napi-linux-x64-gnu': 0.37.0
      '@ast-grep/napi-linux-x64-musl': 0.37.0
      '@ast-grep/napi-win32-arm64-msvc': 0.37.0
      '@ast-grep/napi-win32-ia32-msvc': 0.37.0
      '@ast-grep/napi-win32-x64-msvc': 0.37.0
    dev: true

  /@emnapi/core@1.5.0:
    resolution: {integrity: sha512-sbP8GzB1WDzacS8fgNPpHlp6C9VZe+SJP3F90W9rLemaQj2PzIuTEl1qDOYQf58YIpyjViI24y9aPWCjEzY2cg==}
    requiresBuild: true
    dependencies:
      '@emnapi/wasi-threads': 1.1.0
      tslib: 2.8.1
    dev: true
    optional: true

  /@emnapi/runtime@1.5.0:
    resolution: {integrity: sha512-97/BJ3iXHww3djw6hYIfErCZFee7qCtrneuLa20UXFCOTCfBM2cvQHjWJ2EG0s0MtdNwInarqCTz35i4wWXHsQ==}
    requiresBuild: true
    dependencies:
      tslib: 2.8.1
    dev: true
    optional: true

  /@emnapi/wasi-threads@1.1.0:
    resolution: {integrity: sha512-WI0DdZ8xFSbgMjR1sFsKABJ/C5OnRrjT06JXbZKexJGrDuPTzZdDYfFlsgcCXCyf+suG5QU2e/y1Wo2V/OapLQ==}
    requiresBuild: true
    dependencies:
      tslib: 2.8.1
    dev: true
    optional: true

  /@esbuild/aix-ppc64@0.21.5:
    resolution: {integrity: sha512-1SDgH6ZSPTlggy1yI6+Dbkiz8xzpHJEVAlF/AM1tHPLsf5STom9rwtjE4hKAF20FfXXNTFqEYXyJNWh1GiZedQ==}
    engines: {node: '>=12'}
    cpu: [ppc64]
    os: [aix]
    requiresBuild: true
    dev: false
    optional: true

  /@esbuild/android-arm64@0.21.5:
    resolution: {integrity: sha512-c0uX9VAUBQ7dTDCjq+wdyGLowMdtR/GoC2U5IYk/7D1H1JYC0qseD7+11iMP2mRLN9RcCMRcjC4YMclCzGwS/A==}
    engines: {node: '>=12'}
    cpu: [arm64]
    os: [android]
    requiresBuild: true
    dev: false
    optional: true

  /@esbuild/android-arm@0.21.5:
    resolution: {integrity: sha512-vCPvzSjpPHEi1siZdlvAlsPxXl7WbOVUBBAowWug4rJHb68Ox8KualB+1ocNvT5fjv6wpkX6o/iEpbDrf68zcg==}
    engines: {node: '>=12'}
    cpu: [arm]
    os: [android]
    requiresBuild: true
    dev: false
    optional: true

  /@esbuild/android-x64@0.21.5:
    resolution: {integrity: sha512-D7aPRUUNHRBwHxzxRvp856rjUHRFW1SdQATKXH2hqA0kAZb1hKmi02OpYRacl0TxIGz/ZmXWlbZgjwWYaCakTA==}
    engines: {node: '>=12'}
    cpu: [x64]
    os: [android]
    requiresBuild: true
    dev: false
    optional: true

  /@esbuild/darwin-arm64@0.21.5:
    resolution: {integrity: sha512-DwqXqZyuk5AiWWf3UfLiRDJ5EDd49zg6O9wclZ7kUMv2WRFr4HKjXp/5t8JZ11QbQfUS6/cRCKGwYhtNAY88kQ==}
    engines: {node: '>=12'}
    cpu: [arm64]
    os: [darwin]
    requiresBuild: true
    dev: false
    optional: true

  /@esbuild/darwin-x64@0.21.5:
    resolution: {integrity: sha512-se/JjF8NlmKVG4kNIuyWMV/22ZaerB+qaSi5MdrXtd6R08kvs2qCN4C09miupktDitvh8jRFflwGFBQcxZRjbw==}
    engines: {node: '>=12'}
    cpu: [x64]
    os: [darwin]
    requiresBuild: true
    dev: false
    optional: true

  /@esbuild/freebsd-arm64@0.21.5:
    resolution: {integrity: sha512-5JcRxxRDUJLX8JXp/wcBCy3pENnCgBR9bN6JsY4OmhfUtIHe3ZW0mawA7+RDAcMLrMIZaf03NlQiX9DGyB8h4g==}
    engines: {node: '>=12'}
    cpu: [arm64]
    os: [freebsd]
    requiresBuild: true
    dev: false
    optional: true

  /@esbuild/freebsd-x64@0.21.5:
    resolution: {integrity: sha512-J95kNBj1zkbMXtHVH29bBriQygMXqoVQOQYA+ISs0/2l3T9/kj42ow2mpqerRBxDJnmkUDCaQT/dfNXWX/ZZCQ==}
    engines: {node: '>=12'}
    cpu: [x64]
    os: [freebsd]
    requiresBuild: true
    dev: false
    optional: true

  /@esbuild/linux-arm64@0.21.5:
    resolution: {integrity: sha512-ibKvmyYzKsBeX8d8I7MH/TMfWDXBF3db4qM6sy+7re0YXya+K1cem3on9XgdT2EQGMu4hQyZhan7TeQ8XkGp4Q==}
    engines: {node: '>=12'}
    cpu: [arm64]
    os: [linux]
    requiresBuild: true
    dev: false
    optional: true

  /@esbuild/linux-arm@0.21.5:
    resolution: {integrity: sha512-bPb5AHZtbeNGjCKVZ9UGqGwo8EUu4cLq68E95A53KlxAPRmUyYv2D6F0uUI65XisGOL1hBP5mTronbgo+0bFcA==}
    engines: {node: '>=12'}
    cpu: [arm]
    os: [linux]
    requiresBuild: true
    dev: false
    optional: true

  /@esbuild/linux-ia32@0.21.5:
    resolution: {integrity: sha512-YvjXDqLRqPDl2dvRODYmmhz4rPeVKYvppfGYKSNGdyZkA01046pLWyRKKI3ax8fbJoK5QbxblURkwK/MWY18Tg==}
    engines: {node: '>=12'}
    cpu: [ia32]
    os: [linux]
    requiresBuild: true
    dev: false
    optional: true

  /@esbuild/linux-loong64@0.21.5:
    resolution: {integrity: sha512-uHf1BmMG8qEvzdrzAqg2SIG/02+4/DHB6a9Kbya0XDvwDEKCoC8ZRWI5JJvNdUjtciBGFQ5PuBlpEOXQj+JQSg==}
    engines: {node: '>=12'}
    cpu: [loong64]
    os: [linux]
    requiresBuild: true
    dev: false
    optional: true

  /@esbuild/linux-mips64el@0.21.5:
    resolution: {integrity: sha512-IajOmO+KJK23bj52dFSNCMsz1QP1DqM6cwLUv3W1QwyxkyIWecfafnI555fvSGqEKwjMXVLokcV5ygHW5b3Jbg==}
    engines: {node: '>=12'}
    cpu: [mips64el]
    os: [linux]
    requiresBuild: true
    dev: false
    optional: true

  /@esbuild/linux-ppc64@0.21.5:
    resolution: {integrity: sha512-1hHV/Z4OEfMwpLO8rp7CvlhBDnjsC3CttJXIhBi+5Aj5r+MBvy4egg7wCbe//hSsT+RvDAG7s81tAvpL2XAE4w==}
    engines: {node: '>=12'}
    cpu: [ppc64]
    os: [linux]
    requiresBuild: true
    dev: false
    optional: true

  /@esbuild/linux-riscv64@0.21.5:
    resolution: {integrity: sha512-2HdXDMd9GMgTGrPWnJzP2ALSokE/0O5HhTUvWIbD3YdjME8JwvSCnNGBnTThKGEB91OZhzrJ4qIIxk/SBmyDDA==}
    engines: {node: '>=12'}
    cpu: [riscv64]
    os: [linux]
    requiresBuild: true
    dev: false
    optional: true

  /@esbuild/linux-s390x@0.21.5:
    resolution: {integrity: sha512-zus5sxzqBJD3eXxwvjN1yQkRepANgxE9lgOW2qLnmr8ikMTphkjgXu1HR01K4FJg8h1kEEDAqDcZQtbrRnB41A==}
    engines: {node: '>=12'}
    cpu: [s390x]
    os: [linux]
    requiresBuild: true
    dev: false
    optional: true

  /@esbuild/linux-x64@0.21.5:
    resolution: {integrity: sha512-1rYdTpyv03iycF1+BhzrzQJCdOuAOtaqHTWJZCWvijKD2N5Xu0TtVC8/+1faWqcP9iBCWOmjmhoH94dH82BxPQ==}
    engines: {node: '>=12'}
    cpu: [x64]
    os: [linux]
    requiresBuild: true
    dev: false
    optional: true

  /@esbuild/netbsd-x64@0.21.5:
    resolution: {integrity: sha512-Woi2MXzXjMULccIwMnLciyZH4nCIMpWQAs049KEeMvOcNADVxo0UBIQPfSmxB3CWKedngg7sWZdLvLczpe0tLg==}
    engines: {node: '>=12'}
    cpu: [x64]
    os: [netbsd]
    requiresBuild: true
    dev: false
    optional: true

  /@esbuild/openbsd-x64@0.21.5:
    resolution: {integrity: sha512-HLNNw99xsvx12lFBUwoT8EVCsSvRNDVxNpjZ7bPn947b8gJPzeHWyNVhFsaerc0n3TsbOINvRP2byTZ5LKezow==}
    engines: {node: '>=12'}
    cpu: [x64]
    os: [openbsd]
    requiresBuild: true
    dev: false
    optional: true

  /@esbuild/sunos-x64@0.21.5:
    resolution: {integrity: sha512-6+gjmFpfy0BHU5Tpptkuh8+uw3mnrvgs+dSPQXQOv3ekbordwnzTVEb4qnIvQcYXq6gzkyTnoZ9dZG+D4garKg==}
    engines: {node: '>=12'}
    cpu: [x64]
    os: [sunos]
    requiresBuild: true
    dev: false
    optional: true

  /@esbuild/win32-arm64@0.21.5:
    resolution: {integrity: sha512-Z0gOTd75VvXqyq7nsl93zwahcTROgqvuAcYDUr+vOv8uHhNSKROyU961kgtCD1e95IqPKSQKH7tBTslnS3tA8A==}
    engines: {node: '>=12'}
    cpu: [arm64]
    os: [win32]
    requiresBuild: true
    dev: false
    optional: true

  /@esbuild/win32-ia32@0.21.5:
    resolution: {integrity: sha512-SWXFF1CL2RVNMaVs+BBClwtfZSvDgtL//G/smwAc5oVK/UPu2Gu9tIaRgFmYFFKrmg3SyAjSrElf0TiJ1v8fYA==}
    engines: {node: '>=12'}
    cpu: [ia32]
    os: [win32]
    requiresBuild: true
    dev: false
    optional: true

  /@esbuild/win32-x64@0.21.5:
    resolution: {integrity: sha512-tQd/1efJuzPC6rCFwEvLtci/xNFcTZknmXs98FYDfGE4wP9ClFV98nyKrzJKVPMhdDnjzLhdUyMX4PsQAPjwIw==}
    engines: {node: '>=12'}
    cpu: [x64]
    os: [win32]
    requiresBuild: true
    dev: false
    optional: true

  /@jest/schemas@29.6.3:
    resolution: {integrity: sha512-mo5j5X+jIZmJQveBKeS/clAueipV7KgiX1vMgCxam1RNYiqE1w62n0/tJJnHtjW8ZHcQco5gY85jA3mi0L+nSA==}
    engines: {node: ^14.15.0 || ^16.10.0 || >=18.0.0}
    dependencies:
      '@sinclair/typebox': 0.27.8
    dev: false

  /@jridgewell/sourcemap-codec@1.5.5:
    resolution: {integrity: sha512-cYQ9310grqxueWbl+WuIUIaiUaDcj7WOq5fVhEljNVgRfOUhY9fy2zTvfoqWsnebh8Sl70VScFbICvJnLKB0Og==}

  /@module-federation/error-codes@0.18.0:
    resolution: {integrity: sha512-Woonm8ehyVIUPXChmbu80Zj6uJkC0dD9SJUZ/wOPtO8iiz/m+dkrOugAuKgoiR6qH4F+yorWila954tBz4uKsQ==}
    dev: true

  /@module-federation/runtime-core@0.18.0:
    resolution: {integrity: sha512-ZyYhrDyVAhUzriOsVfgL6vwd+5ebYm595Y13KeMf6TKDRoUHBMTLGQ8WM4TDj8JNsy7LigncK8C03fn97of0QQ==}
    dependencies:
      '@module-federation/error-codes': 0.18.0
      '@module-federation/sdk': 0.18.0
    dev: true

  /@module-federation/runtime-tools@0.18.0:
    resolution: {integrity: sha512-fSga9o4t1UfXNV/Kh6qFvRyZpPp3EHSPRISNeyT8ZoTpzDNiYzhtw0BPUSSD8m6C6XQh2s/11rI4g80UY+d+hA==}
    dependencies:
      '@module-federation/runtime': 0.18.0
      '@module-federation/webpack-bundler-runtime': 0.18.0
    dev: true

  /@module-federation/runtime@0.18.0:
    resolution: {integrity: sha512-+C4YtoSztM7nHwNyZl6dQKGUVJdsPrUdaf3HIKReg/GQbrt9uvOlUWo2NXMZ8vDAnf/QRrpSYAwXHmWDn9Obaw==}
    dependencies:
      '@module-federation/error-codes': 0.18.0
      '@module-federation/runtime-core': 0.18.0
      '@module-federation/sdk': 0.18.0
    dev: true

  /@module-federation/sdk@0.18.0:
    resolution: {integrity: sha512-Lo/Feq73tO2unjmpRfyyoUkTVoejhItXOk/h5C+4cistnHbTV8XHrW/13fD5e1Iu60heVdAhhelJd6F898Ve9A==}
    dev: true

  /@module-federation/webpack-bundler-runtime@0.18.0:
    resolution: {integrity: sha512-TEvErbF+YQ+6IFimhUYKK3a5wapD90d90sLsNpcu2kB3QGT7t4nIluE25duXuZDVUKLz86tEPrza/oaaCWTpvQ==}
    dependencies:
      '@module-federation/runtime': 0.18.0
      '@module-federation/sdk': 0.18.0
    dev: true

  /@napi-rs/wasm-runtime@1.0.5:
    resolution: {integrity: sha512-TBr9Cf9onSAS2LQ2+QHx6XcC6h9+RIzJgbqG3++9TUZSH204AwEy5jg3BTQ0VATsyoGj4ee49tN/y6rvaOOtcg==}
    requiresBuild: true
    dependencies:
      '@emnapi/core': 1.5.0
      '@emnapi/runtime': 1.5.0
      '@tybys/wasm-util': 0.10.1
    dev: true
    optional: true

  /@rollup/rollup-android-arm-eabi@4.50.1:
    resolution: {integrity: sha512-HJXwzoZN4eYTdD8bVV22DN8gsPCAj3V20NHKOs8ezfXanGpmVPR7kalUHd+Y31IJp9stdB87VKPFbsGY3H/2ag==}
    cpu: [arm]
    os: [android]
    requiresBuild: true
    dev: false
    optional: true

  /@rollup/rollup-android-arm64@4.50.1:
    resolution: {integrity: sha512-PZlsJVcjHfcH53mOImyt3bc97Ep3FJDXRpk9sMdGX0qgLmY0EIWxCag6EigerGhLVuL8lDVYNnSo8qnTElO4xw==}
    cpu: [arm64]
    os: [android]
    requiresBuild: true
    dev: false
    optional: true

  /@rollup/rollup-darwin-arm64@4.50.1:
    resolution: {integrity: sha512-xc6i2AuWh++oGi4ylOFPmzJOEeAa2lJeGUGb4MudOtgfyyjr4UPNK+eEWTPLvmPJIY/pgw6ssFIox23SyrkkJw==}
    cpu: [arm64]
    os: [darwin]
    requiresBuild: true
    dev: false
    optional: true

  /@rollup/rollup-darwin-x64@4.50.1:
    resolution: {integrity: sha512-2ofU89lEpDYhdLAbRdeyz/kX3Y2lpYc6ShRnDjY35bZhd2ipuDMDi6ZTQ9NIag94K28nFMofdnKeHR7BT0CATw==}
    cpu: [x64]
    os: [darwin]
    requiresBuild: true
    dev: false
    optional: true

  /@rollup/rollup-freebsd-arm64@4.50.1:
    resolution: {integrity: sha512-wOsE6H2u6PxsHY/BeFHA4VGQN3KUJFZp7QJBmDYI983fgxq5Th8FDkVuERb2l9vDMs1D5XhOrhBrnqcEY6l8ZA==}
    cpu: [arm64]
    os: [freebsd]
    requiresBuild: true
    dev: false
    optional: true

  /@rollup/rollup-freebsd-x64@4.50.1:
    resolution: {integrity: sha512-A/xeqaHTlKbQggxCqispFAcNjycpUEHP52mwMQZUNqDUJFFYtPHCXS1VAG29uMlDzIVr+i00tSFWFLivMcoIBQ==}
    cpu: [x64]
    os: [freebsd]
    requiresBuild: true
    dev: false
    optional: true

  /@rollup/rollup-linux-arm-gnueabihf@4.50.1:
    resolution: {integrity: sha512-54v4okehwl5TaSIkpp97rAHGp7t3ghinRd/vyC1iXqXMfjYUTm7TfYmCzXDoHUPTTf36L8pr0E7YsD3CfB3ZDg==}
    cpu: [arm]
    os: [linux]
    requiresBuild: true
    dev: false
    optional: true

  /@rollup/rollup-linux-arm-musleabihf@4.50.1:
    resolution: {integrity: sha512-p/LaFyajPN/0PUHjv8TNyxLiA7RwmDoVY3flXHPSzqrGcIp/c2FjwPPP5++u87DGHtw+5kSH5bCJz0mvXngYxw==}
    cpu: [arm]
    os: [linux]
    requiresBuild: true
    dev: false
    optional: true

  /@rollup/rollup-linux-arm64-gnu@4.50.1:
    resolution: {integrity: sha512-2AbMhFFkTo6Ptna1zO7kAXXDLi7H9fGTbVaIq2AAYO7yzcAsuTNWPHhb2aTA6GPiP+JXh85Y8CiS54iZoj4opw==}
    cpu: [arm64]
    os: [linux]
    requiresBuild: true
    dev: false
    optional: true

  /@rollup/rollup-linux-arm64-musl@4.50.1:
    resolution: {integrity: sha512-Cgef+5aZwuvesQNw9eX7g19FfKX5/pQRIyhoXLCiBOrWopjo7ycfB292TX9MDcDijiuIJlx1IzJz3IoCPfqs9w==}
    cpu: [arm64]
    os: [linux]
    requiresBuild: true
    dev: false
    optional: true

  /@rollup/rollup-linux-loongarch64-gnu@4.50.1:
    resolution: {integrity: sha512-RPhTwWMzpYYrHrJAS7CmpdtHNKtt2Ueo+BlLBjfZEhYBhK00OsEqM08/7f+eohiF6poe0YRDDd8nAvwtE/Y62Q==}
    cpu: [loong64]
    os: [linux]
    requiresBuild: true
    dev: false
    optional: true

  /@rollup/rollup-linux-ppc64-gnu@4.50.1:
    resolution: {integrity: sha512-eSGMVQw9iekut62O7eBdbiccRguuDgiPMsw++BVUg+1K7WjZXHOg/YOT9SWMzPZA+w98G+Fa1VqJgHZOHHnY0Q==}
    cpu: [ppc64]
    os: [linux]
    requiresBuild: true
    dev: false
    optional: true

  /@rollup/rollup-linux-riscv64-gnu@4.50.1:
    resolution: {integrity: sha512-S208ojx8a4ciIPrLgazF6AgdcNJzQE4+S9rsmOmDJkusvctii+ZvEuIC4v/xFqzbuP8yDjn73oBlNDgF6YGSXQ==}
    cpu: [riscv64]
    os: [linux]
    requiresBuild: true
    dev: false
    optional: true

  /@rollup/rollup-linux-riscv64-musl@4.50.1:
    resolution: {integrity: sha512-3Ag8Ls1ggqkGUvSZWYcdgFwriy2lWo+0QlYgEFra/5JGtAd6C5Hw59oojx1DeqcA2Wds2ayRgvJ4qxVTzCHgzg==}
    cpu: [riscv64]
    os: [linux]
    requiresBuild: true
    dev: false
    optional: true

  /@rollup/rollup-linux-s390x-gnu@4.50.1:
    resolution: {integrity: sha512-t9YrKfaxCYe7l7ldFERE1BRg/4TATxIg+YieHQ966jwvo7ddHJxPj9cNFWLAzhkVsbBvNA4qTbPVNsZKBO4NSg==}
    cpu: [s390x]
    os: [linux]
    requiresBuild: true
    dev: false
    optional: true

  /@rollup/rollup-linux-x64-gnu@4.50.1:
    resolution: {integrity: sha512-MCgtFB2+SVNuQmmjHf+wfI4CMxy3Tk8XjA5Z//A0AKD7QXUYFMQcns91K6dEHBvZPCnhJSyDWLApk40Iq/H3tA==}
    cpu: [x64]
    os: [linux]
    requiresBuild: true
    dev: false
    optional: true

  /@rollup/rollup-linux-x64-musl@4.50.1:
    resolution: {integrity: sha512-nEvqG+0jeRmqaUMuwzlfMKwcIVffy/9KGbAGyoa26iu6eSngAYQ512bMXuqqPrlTyfqdlB9FVINs93j534UJrg==}
    cpu: [x64]
    os: [linux]
    requiresBuild: true
    dev: false
    optional: true

  /@rollup/rollup-openharmony-arm64@4.50.1:
    resolution: {integrity: sha512-RDsLm+phmT3MJd9SNxA9MNuEAO/J2fhW8GXk62G/B4G7sLVumNFbRwDL6v5NrESb48k+QMqdGbHgEtfU0LCpbA==}
    cpu: [arm64]
    os: [openharmony]
    requiresBuild: true
    dev: false
    optional: true

  /@rollup/rollup-win32-arm64-msvc@4.50.1:
    resolution: {integrity: sha512-hpZB/TImk2FlAFAIsoElM3tLzq57uxnGYwplg6WDyAxbYczSi8O2eQ+H2Lx74504rwKtZ3N2g4bCUkiamzS6TQ==}
    cpu: [arm64]
    os: [win32]
    requiresBuild: true
    dev: false
    optional: true

  /@rollup/rollup-win32-ia32-msvc@4.50.1:
    resolution: {integrity: sha512-SXjv8JlbzKM0fTJidX4eVsH+Wmnp0/WcD8gJxIZyR6Gay5Qcsmdbi9zVtnbkGPG8v2vMR1AD06lGWy5FLMcG7A==}
    cpu: [ia32]
    os: [win32]
    requiresBuild: true
    dev: false
    optional: true

  /@rollup/rollup-win32-x64-msvc@4.50.1:
    resolution: {integrity: sha512-StxAO/8ts62KZVRAm4JZYq9+NqNsV7RvimNK+YM7ry//zebEH6meuugqW/P5OFUCjyQgui+9fUxT6d5NShvMvA==}
    cpu: [x64]
    os: [win32]
    requiresBuild: true
    dev: false
    optional: true

  /@rsbuild/core@1.5.4:
    resolution: {integrity: sha512-iRzq4hEXawL4MVkPKhfGMJxS45XIfwkweAZXEHeaboq6vxbpg0dLRgkbaIuuFyF9hCwI0y3ant/xVXOqDghJNw==}
    engines: {node: '>=18.12.0'}
    hasBin: true
    dependencies:
      '@rspack/core': 1.5.2(@swc/helpers@0.5.17)
      '@rspack/lite-tapable': 1.0.1
      '@swc/helpers': 0.5.17
      core-js: 3.45.1
      jiti: 2.5.1
    dev: true

  /@rslib/core@0.13.2(typescript@5.9.2):
    resolution: {integrity: sha512-Npb27X+kjh4fJoCVMvemfgS1F/gBW4VwHndYlQSmP5pdtqbfOLEj66YNIk0thu/1Z4dh0m2KppM7O3cFiJpqMQ==}
    engines: {node: '>=18.12.0'}
    hasBin: true
    peerDependencies:
      '@microsoft/api-extractor': ^7
      typescript: ^5
    peerDependenciesMeta:
      '@microsoft/api-extractor':
        optional: true
      typescript:
        optional: true
    dependencies:
      '@rsbuild/core': 1.5.4
      rsbuild-plugin-dts: 0.13.2(@rsbuild/core@1.5.4)(typescript@5.9.2)
      tinyglobby: 0.2.15
      typescript: 5.9.2
    transitivePeerDependencies:
      - '@typescript/native-preview'
    dev: true

  /@rspack/binding-darwin-arm64@1.5.2:
    resolution: {integrity: sha512-aO76T6VQvAFt1LJNRA5aPOJ+szeTLlzC5wubsnxgWWjG53goP+Te35kFjDIDe+9VhKE/XqRId6iNAymaEsN+Uw==}
    cpu: [arm64]
    os: [darwin]
    requiresBuild: true
    dev: true
    optional: true

  /@rspack/binding-darwin-x64@1.5.2:
    resolution: {integrity: sha512-XNSmUOwdGs2PEdCKTFCC0/vu/7U9nMhAlbHJKlmdt0V4iPvFyaNWxkNdFqzLc05jlJOfgDdwbwRb91y9IcIIFQ==}
    cpu: [x64]
    os: [darwin]
    requiresBuild: true
    dev: true
    optional: true

  /@rspack/binding-linux-arm64-gnu@1.5.2:
    resolution: {integrity: sha512-rNxRfgC5khlrhyEP6y93+45uQ4TI7CdtWqh5PKsaR6lPepG1rH4L8VE+etejSdhzXH6wQ76Rw4wzb96Hx+5vuQ==}
    cpu: [arm64]
    os: [linux]
    requiresBuild: true
    dev: true
    optional: true

  /@rspack/binding-linux-arm64-musl@1.5.2:
    resolution: {integrity: sha512-kTFX+KsGgArWC5q+jJWz0K/8rfVqZOn1ojv1xpCCcz/ogWRC/qhDGSOva6Wandh157BiR93Vfoe1gMvgjpLe5g==}
    cpu: [arm64]
    os: [linux]
    requiresBuild: true
    dev: true
    optional: true

  /@rspack/binding-linux-x64-gnu@1.5.2:
    resolution: {integrity: sha512-Lh/6WZGq30lDV6RteQQu7Phw0RH2Z1f4kGR+MsplJ6X4JpnziDow+9oxKdu6FvFHWxHByncpveVeInusQPmL7Q==}
    cpu: [x64]
    os: [linux]
    requiresBuild: true
    dev: true
    optional: true

  /@rspack/binding-linux-x64-musl@1.5.2:
    resolution: {integrity: sha512-CsLC/SIOIFs6CBmusSAF0FECB62+J36alMdwl7j6TgN6nX3UQQapnL1aVWuQaxU6un/1Vpim0V/EZbUYIdJQ4g==}
    cpu: [x64]
    os: [linux]
    requiresBuild: true
    dev: true
    optional: true

  /@rspack/binding-wasm32-wasi@1.5.2:
    resolution: {integrity: sha512-cuVbGr1b4q0Z6AtEraI3becZraPMMgZtZPRaIsVLeDXCmxup/maSAR3T6UaGf4Q2SNcFfjw4neGz5UJxPK8uvA==}
    cpu: [wasm32]
    requiresBuild: true
    dependencies:
      '@napi-rs/wasm-runtime': 1.0.5
    dev: true
    optional: true

  /@rspack/binding-win32-arm64-msvc@1.5.2:
    resolution: {integrity: sha512-4vJQdzRTSuvmvL3vrOPuiA7f9v9frNc2RFWDxqg+GYt0YAjDStssp+lkVbRYyXnTYVJkARSuO6N+BOiI+kLdsQ==}
    cpu: [arm64]
    os: [win32]
    requiresBuild: true
    dev: true
    optional: true

  /@rspack/binding-win32-ia32-msvc@1.5.2:
    resolution: {integrity: sha512-zPbu3lx/NrNxdjZzTIjwD0mILUOpfhuPdUdXIFiOAO8RiWSeQpYOvyI061s/+bNOmr4A+Z0uM0dEoOClfkhUFg==}
    cpu: [ia32]
    os: [win32]
    requiresBuild: true
    dev: true
    optional: true

  /@rspack/binding-win32-x64-msvc@1.5.2:
    resolution: {integrity: sha512-duLNUTshX38xhC10/W9tpkPca7rOifP2begZjdb1ikw7C4AI0I7VnBnYt8qPSxGISoclmhOBxU/LuAhS8jMMlg==}
    cpu: [x64]
    os: [win32]
    requiresBuild: true
    dev: true
    optional: true

  /@rspack/binding@1.5.2:
    resolution: {integrity: sha512-NKiBcsxmAzFDYRnK2ZHWbTtDFVT5/704eK4OfpgsDXPMkaMnBKijMKNgP5pbe18X4rUlz+8HnGm4+Xllo9EESw==}
    optionalDependencies:
      '@rspack/binding-darwin-arm64': 1.5.2
      '@rspack/binding-darwin-x64': 1.5.2
      '@rspack/binding-linux-arm64-gnu': 1.5.2
      '@rspack/binding-linux-arm64-musl': 1.5.2
      '@rspack/binding-linux-x64-gnu': 1.5.2
      '@rspack/binding-linux-x64-musl': 1.5.2
      '@rspack/binding-wasm32-wasi': 1.5.2
      '@rspack/binding-win32-arm64-msvc': 1.5.2
      '@rspack/binding-win32-ia32-msvc': 1.5.2
      '@rspack/binding-win32-x64-msvc': 1.5.2
    dev: true

  /@rspack/core@1.5.2(@swc/helpers@0.5.17):
    resolution: {integrity: sha512-ifjHqLczC81d1xjXPXCzxTFKNOFsEzuuLN44cMnyzQ/GWi4B48fyX7JHndWE7Lxd54cW1O9Ik7AdBN3Gq891EA==}
    engines: {node: '>=18.12.0'}
    peerDependencies:
      '@swc/helpers': '>=0.5.1'
    peerDependenciesMeta:
      '@swc/helpers':
        optional: true
    dependencies:
      '@module-federation/runtime-tools': 0.18.0
      '@rspack/binding': 1.5.2
      '@rspack/lite-tapable': 1.0.1
      '@swc/helpers': 0.5.17
    dev: true

  /@rspack/lite-tapable@1.0.1:
    resolution: {integrity: sha512-VynGOEsVw2s8TAlLf/uESfrgfrq2+rcXB1muPJYBWbsm1Oa6r5qVQhjA5ggM6z/coYPrsVMgovl3Ff7Q7OCp1w==}
    engines: {node: '>=16.0.0'}
    dev: true

  /@sinclair/typebox@0.27.8:
    resolution: {integrity: sha512-+Fj43pSMwJs4KRrH/938Uf+uAELIgVBmQzg/q1YG10djyfA3TnrU8N8XzqCh/okZdszqBQTZf96idMfE5lnwTA==}
    dev: false

  /@swc/helpers@0.5.17:
    resolution: {integrity: sha512-5IKx/Y13RsYd+sauPb2x+U/xZikHjolzfuDgTAl/Tdf3Q8rslRvC19NKDLgAJQ6wsqADk10ntlv08nPFw/gO/A==}
    dependencies:
      tslib: 2.8.1
    dev: true

  /@tybys/wasm-util@0.10.1:
    resolution: {integrity: sha512-9tTaPJLSiejZKx+Bmog4uSubteqTvFrVrURwkmHixBo0G4seD0zUxp98E1DzUBJxLQ3NPwXrGKDiVjwx/DpPsg==}
    requiresBuild: true
    dependencies:
      tslib: 2.8.1
    dev: true
    optional: true

  /@types/estree@1.0.8:
    resolution: {integrity: sha512-dWHzHa2WqEXI/O1E9OjrocMTKJl2mSrEolh1Iomrv6U+JuNwaHXsXx9bLu5gG7BUWFIN0skIQJQ/L1rIex4X6w==}
    dev: false

  /@types/prettier@3.0.0:
    resolution: {integrity: sha512-mFMBfMOz8QxhYVbuINtswBp9VL2b4Y0QqYHwqLz3YbgtfAcat2Dl6Y1o4e22S/OVE6Ebl9m7wWiMT2lSbAs1wA==}
    deprecated: This is a stub types definition. prettier provides its own type definitions, so you do not need this installed.
    dependencies:
      prettier: 3.6.2
    dev: true

  /@vitest/expect@1.6.1:
    resolution: {integrity: sha512-jXL+9+ZNIJKruofqXuuTClf44eSpcHlgj3CiuNihUF3Ioujtmc0zIa3UJOW5RjDK1YLBJZnWBlPuqhYycLioog==}
    dependencies:
      '@vitest/spy': 1.6.1
      '@vitest/utils': 1.6.1
      chai: 4.5.0
    dev: false

  /@vitest/runner@1.6.1:
    resolution: {integrity: sha512-3nSnYXkVkf3mXFfE7vVyPmi3Sazhb/2cfZGGs0JRzFsPFvAMBEcrweV1V1GsrstdXeKCTXlJbvnQwGWgEIHmOA==}
    dependencies:
      '@vitest/utils': 1.6.1
      p-limit: 5.0.0
      pathe: 1.1.2
    dev: false

  /@vitest/snapshot@1.6.1:
    resolution: {integrity: sha512-WvidQuWAzU2p95u8GAKlRMqMyN1yOJkGHnx3M1PL9Raf7AQ1kwLKg04ADlCa3+OXUZE7BceOhVZiuWAbzCKcUQ==}
    dependencies:
      magic-string: 0.30.19
      pathe: 1.1.2
      pretty-format: 29.7.0
    dev: false

  /@vitest/spy@1.6.1:
    resolution: {integrity: sha512-MGcMmpGkZebsMZhbQKkAf9CX5zGvjkBTqf8Zx3ApYWXr3wG+QvEu2eXWfnIIWYSJExIp4V9FCKDEeygzkYrXMw==}
    dependencies:
      tinyspy: 2.2.1
    dev: false

  /@vitest/utils@1.6.1:
    resolution: {integrity: sha512-jOrrUvXM4Av9ZWiG1EajNto0u96kWAhJ1LmPmJhXXQx/32MecEKd10pOLYgS2BQx1TgkGhloPU1ArDW2vvaY6g==}
    dependencies:
      diff-sequences: 29.6.3
      estree-walker: 3.0.3
      loupe: 2.3.7
      pretty-format: 29.7.0
    dev: false

  /acorn-walk@8.3.4:
    resolution: {integrity: sha512-ueEepnujpqee2o5aIYnvHU6C0A42MNdsIDeqy5BydrkuC5R1ZuUFnm27EeFJGoEHJQgn3uleRvmTXaJgfXbt4g==}
    engines: {node: '>=0.4.0'}
    dependencies:
      acorn: 8.15.0
    dev: false

  /acorn@8.15.0:
    resolution: {integrity: sha512-NZyJarBfL7nWwIq+FDL6Zp/yHEhePMNnnJ0y3qfieCrmNvYct8uvtiV41UvlSe6apAfk0fY1FbWx+NwfmpvtTg==}
    engines: {node: '>=0.4.0'}
    hasBin: true
    dev: false

  /ansi-styles@5.2.0:
    resolution: {integrity: sha512-Cxwpt2SfTzTtXcfOlzGEee8O+c+MmUgGrNiBcXnuWxuFJHe6a5Hz7qwhwe5OgaSYI0IJvkLqWX1ASG+cJOkEiA==}
    engines: {node: '>=10'}
    dev: false

  /assertion-error@1.1.0:
    resolution: {integrity: sha512-jgsaNduz+ndvGyFt3uSuWqvy4lCnIJiovtouQN5JZHOKCS2QuhEdbcQHFhVksz2N2U9hXJo8odG7ETyWlEeuDw==}
    dev: false

  /cac@6.7.14:
    resolution: {integrity: sha512-b6Ilus+c3RrdDk+JhLKUAQfzzgLEPy6wcXqS7f/xe1EETvsDP6GORG7SFuOs6cID5YkqchW/LXZbX5bc8j7ZcQ==}
    engines: {node: '>=8'}
    dev: false

  /chai@4.5.0:
    resolution: {integrity: sha512-RITGBfijLkBddZvnn8jdqoTypxvqbOLYQkGGxXzeFjVHvudaPw0HNFD9x928/eUwYWd2dPCugVqspGALTZZQKw==}
    engines: {node: '>=4'}
    dependencies:
      assertion-error: 1.1.0
      check-error: 1.0.3
      deep-eql: 4.1.4
      get-func-name: 2.0.2
      loupe: 2.3.7
      pathval: 1.1.1
      type-detect: 4.1.0
    dev: false

  /check-error@1.0.3:
    resolution: {integrity: sha512-iKEoDYaRmd1mxM90a2OEfWhjsjPpYPuQ+lMYsoxB126+t8fw7ySEO48nmDg5COTjxDI65/Y2OWpeEHk3ZOe8zg==}
    dependencies:
      get-func-name: 2.0.2
    dev: false

  /confbox@0.1.8:
    resolution: {integrity: sha512-RMtmw0iFkeR4YV+fUOSucriAQNb9g8zFR52MWCtl+cCZOFRNL6zeB395vPzFhEjjn4fMxXudmELnl/KF/WrK6w==}
    dev: false

  /core-js@3.45.1:
    resolution: {integrity: sha512-L4NPsJlCfZsPeXukyzHFlg/i7IIVwHSItR0wg0FLNqYClJ4MQYTYLbC7EkjKYRLZF2iof2MUgN0EGy7MdQFChg==}
    requiresBuild: true
    dev: true

  /cross-spawn@7.0.6:
    resolution: {integrity: sha512-uV2QOWP2nWzsy2aMp8aRibhi9dlzF5Hgh5SHaB9OiTGEyDTiJJyx0uy51QXdyWbtAHNua4XJzUKca3OzKUd3vA==}
    engines: {node: '>= 8'}
    dependencies:
      path-key: 3.1.1
      shebang-command: 2.0.0
      which: 2.0.2
    dev: false

  /debug@4.4.3:
    resolution: {integrity: sha512-RGwwWnwQvkVfavKVt22FGLw+xYSdzARwm0ru6DhTVA3umU5hZc28V3kO4stgYryrTlLpuvgI9GiijltAjNbcqA==}
    engines: {node: '>=6.0'}
    peerDependencies:
      supports-color: '*'
    peerDependenciesMeta:
      supports-color:
        optional: true
    dependencies:
      ms: 2.1.3
    dev: false

  /deep-eql@4.1.4:
    resolution: {integrity: sha512-SUwdGfqdKOwxCPeVYjwSyRpJ7Z+fhpwIAtmCUdZIWZ/YP5R9WAsyuSgpLVDi9bjWoN2LXHNss/dk3urXtdQxGg==}
    engines: {node: '>=6'}
    dependencies:
      type-detect: 4.1.0
    dev: false

  /diff-sequences@29.6.3:
    resolution: {integrity: sha512-EjePK1srD3P08o2j4f0ExnylqRs5B9tJjcp9t1krH2qRi8CCdsYfwe9JgSLurFBWwq4uOlipzfk5fHNvwFKr8Q==}
    engines: {node: ^14.15.0 || ^16.10.0 || >=18.0.0}
    dev: false

  /esbuild@0.21.5:
    resolution: {integrity: sha512-mg3OPMV4hXywwpoDxu3Qda5xCKQi+vCTZq8S9J/EpkhB2HzKXq4SNFZE3+NK93JYxc8VMSep+lOUSC/RVKaBqw==}
    engines: {node: '>=12'}
    hasBin: true
    requiresBuild: true
    optionalDependencies:
      '@esbuild/aix-ppc64': 0.21.5
      '@esbuild/android-arm': 0.21.5
      '@esbuild/android-arm64': 0.21.5
      '@esbuild/android-x64': 0.21.5
      '@esbuild/darwin-arm64': 0.21.5
      '@esbuild/darwin-x64': 0.21.5
      '@esbuild/freebsd-arm64': 0.21.5
      '@esbuild/freebsd-x64': 0.21.5
      '@esbuild/linux-arm': 0.21.5
      '@esbuild/linux-arm64': 0.21.5
      '@esbuild/linux-ia32': 0.21.5
      '@esbuild/linux-loong64': 0.21.5
      '@esbuild/linux-mips64el': 0.21.5
      '@esbuild/linux-ppc64': 0.21.5
      '@esbuild/linux-riscv64': 0.21.5
      '@esbuild/linux-s390x': 0.21.5
      '@esbuild/linux-x64': 0.21.5
      '@esbuild/netbsd-x64': 0.21.5
      '@esbuild/openbsd-x64': 0.21.5
      '@esbuild/sunos-x64': 0.21.5
      '@esbuild/win32-arm64': 0.21.5
      '@esbuild/win32-ia32': 0.21.5
      '@esbuild/win32-x64': 0.21.5
    dev: false

  /estree-walker@3.0.3:
    resolution: {integrity: sha512-7RUKfXgSMMkzt6ZuXmqapOurLGPPfgj6l9uRZ7lRGolvk0y2yocc35LdcxKC5PQZdn2DMqioAQ2NoWcrTKmm6g==}
    dependencies:
      '@types/estree': 1.0.8
    dev: false

  /execa@8.0.1:
    resolution: {integrity: sha512-VyhnebXciFV2DESc+p6B+y0LjSm0krU4OgJN44qFAhBY0TJ+1V61tYD2+wHusZ6F9n5K+vl8k0sTy7PEfV4qpg==}
    engines: {node: '>=16.17'}
    dependencies:
      cross-spawn: 7.0.6
      get-stream: 8.0.1
      human-signals: 5.0.0
      is-stream: 3.0.0
      merge-stream: 2.0.0
      npm-run-path: 5.3.0
      onetime: 6.0.0
      signal-exit: 4.1.0
      strip-final-newline: 3.0.0
    dev: false

  /fdir@6.5.0(picomatch@4.0.3):
    resolution: {integrity: sha512-tIbYtZbucOs0BRGqPJkshJUYdL+SDH7dVM8gjy+ERp3WAUjLEFJE+02kanyHtwjWOnwrKYBiwAmM0p4kLJAnXg==}
    engines: {node: '>=12.0.0'}
    peerDependencies:
      picomatch: ^3 || ^4
    peerDependenciesMeta:
      picomatch:
        optional: true
    dependencies:
      picomatch: 4.0.3
    dev: true

  /fsevents@2.3.3:
    resolution: {integrity: sha512-5xoDfX+fL7faATnagmWPpbFtwh/R77WmMMqqHGS65C3vvB0YHrgF+B1YmZ3441tMj5n63k0212XNoJwzlhffQw==}
    engines: {node: ^8.16.0 || ^10.6.0 || >=11.0.0}
    os: [darwin]
    requiresBuild: true
    dev: false
    optional: true

  /get-func-name@2.0.2:
    resolution: {integrity: sha512-8vXOvuE167CtIc3OyItco7N/dpRtBbYOsPsXCz7X/PMnlGjYjSGuZJgM1Y7mmew7BKf9BqvLX2tnOVy1BBUsxQ==}
    dev: false

  /get-stream@8.0.1:
    resolution: {integrity: sha512-VaUJspBffn/LMCJVoMvSAdmscJyS1auj5Zulnn5UoYcY531UWmdwhRWkcGKnGU93m5HSXP9LP2usOryrBtQowA==}
    engines: {node: '>=16'}
    dev: false

  /human-signals@5.0.0:
    resolution: {integrity: sha512-AXcZb6vzzrFAUE61HnN4mpLqd/cSIwNQjtNWR0euPm6y0iqx3G4gOXaIDdtdDwZmhwe82LA6+zinmW4UBWVePQ==}
    engines: {node: '>=16.17.0'}
    dev: false

  /is-stream@3.0.0:
    resolution: {integrity: sha512-LnQR4bZ9IADDRSkvpqMGvt/tEJWclzklNgSw48V5EAaAeDd6qGvN8ei6k5p0tvxSR171VmGyHuTiAOfxAbr8kA==}
    engines: {node: ^12.20.0 || ^14.13.1 || >=16.0.0}
    dev: false

  /isexe@2.0.0:
    resolution: {integrity: sha512-RHxMLp9lnKHGHRng9QFhRCMbYAcVpn69smSGcq3f36xjgVVWThj4qqLbTLlq7Ssj8B+fIQ1EuCEGI2lKsyQeIw==}
    dev: false

  /jiti@2.5.1:
    resolution: {integrity: sha512-twQoecYPiVA5K/h6SxtORw/Bs3ar+mLUtoPSc7iMXzQzK8d7eJ/R09wmTwAjiamETn1cXYPGfNnu7DMoHgu12w==}
    hasBin: true
    dev: true

  /js-tokens@9.0.1:
    resolution: {integrity: sha512-mxa9E9ITFOt0ban3j6L5MpjwegGz6lBQmM1IJkWeBZGcMxto50+eWdjC/52xDbS2vy0k7vIMK0Fe2wfL9OQSpQ==}
    dev: false

  /json5@2.2.3:
    resolution: {integrity: sha512-XmOWe7eyHYH14cLdVPoyg+GOH3rYX++KpzrylJwSW98t3Nk+U8XOl8FWKOgwtzdb8lXGf6zYwDUzeHMWfxasyg==}
    engines: {node: '>=6'}
    hasBin: true
    dev: true

  /local-pkg@0.5.1:
    resolution: {integrity: sha512-9rrA30MRRP3gBD3HTGnC6cDFpaE1kVDWxWgqWJUN0RvDNAo+Nz/9GxB+nHOH0ifbVFy0hSA1V6vFDvnx54lTEQ==}
    engines: {node: '>=14'}
    dependencies:
      mlly: 1.8.0
      pkg-types: 1.3.1
    dev: false

  /loupe@2.3.7:
    resolution: {integrity: sha512-zSMINGVYkdpYSOBmLi0D1Uo7JU9nVdQKrHxC8eYlV+9YKK9WePqAlL7lSlorG/U2Fw1w0hTBmaa/jrQ3UbPHtA==}
    dependencies:
      get-func-name: 2.0.2
    dev: false

  /magic-string@0.30.19:
    resolution: {integrity: sha512-2N21sPY9Ws53PZvsEpVtNuSW+ScYbQdp4b9qUaL+9QkHUrGFKo56Lg9Emg5s9V/qrtNBmiR01sYhUOwu3H+VOw==}
    dependencies:
      '@jridgewell/sourcemap-codec': 1.5.5

  /merge-stream@2.0.0:
    resolution: {integrity: sha512-abv/qOcuPfk3URPfDzmZU1LKmuw8kT+0nIHvKrKgFrwifol/doWcdA4ZqsWQ8ENrFKkd67Mfpo/LovbIUsbt3w==}
    dev: false

  /mimic-fn@4.0.0:
    resolution: {integrity: sha512-vqiC06CuhBTUdZH+RYl8sFrL096vA45Ok5ISO6sE/Mr1jRbGH4Csnhi8f3wKVl7x8mO4Au7Ir9D3Oyv1VYMFJw==}
    engines: {node: '>=12'}
    dev: false

  /minimist@1.2.8:
    resolution: {integrity: sha512-2yyAR8qBkN3YuheJanUpWC5U3bb5osDywNB8RzDVlDwDHbocAJveqqj1u8+SVD7jkWT4yvsHCpWqqWqAxb0zCA==}
    dev: true

  /mlly@1.8.0:
    resolution: {integrity: sha512-l8D9ODSRWLe2KHJSifWGwBqpTZXIXTeo8mlKjY+E2HAakaTeNpqAyBZ8GSqLzHgw4XmHmC8whvpjJNMbFZN7/g==}
    dependencies:
      acorn: 8.15.0
      pathe: 2.0.3
      pkg-types: 1.3.1
      ufo: 1.6.1
    dev: false

  /ms@2.1.3:
    resolution: {integrity: sha512-6FlzubTLZG3J2a/NVCAleEhjzq5oxgHyaCU9yYXvcLsvoVaHJq/s5xXI6/XXP6tz7R9xAOtHnSO/tXtF3WRTlA==}
    dev: false

  /nanoid@3.3.11:
    resolution: {integrity: sha512-N8SpfPUnUp1bK+PMYW8qSWdl9U+wwNWI4QKxOYDy9JAro3WMX7p2OeVRF9v+347pnakNevPmiHhNmZ2HbFA76w==}
    engines: {node: ^10 || ^12 || ^13.7 || ^14 || >=15.0.1}
    hasBin: true
    dev: false

  /npm-run-path@5.3.0:
    resolution: {integrity: sha512-ppwTtiJZq0O/ai0z7yfudtBpWIoxM8yE6nHi1X47eFR2EWORqfbu6CnPlNsjeN683eT0qG6H/Pyf9fCcvjnnnQ==}
    engines: {node: ^12.20.0 || ^14.13.1 || >=16.0.0}
    dependencies:
      path-key: 4.0.0
    dev: false

  /onetime@6.0.0:
    resolution: {integrity: sha512-1FlR+gjXK7X+AsAHso35MnyN5KqGwJRi/31ft6x0M194ht7S+rWAvd7PHss9xSKMzE0asv1pyIHaJYq+BbacAQ==}
    engines: {node: '>=12'}
    dependencies:
      mimic-fn: 4.0.0
    dev: false

  /p-limit@5.0.0:
    resolution: {integrity: sha512-/Eaoq+QyLSiXQ4lyYV23f14mZRQcXnxfHrN0vCai+ak9G0pp9iEQukIIZq5NccEvwRB8PUnZT0KsOoDCINS1qQ==}
    engines: {node: '>=18'}
    dependencies:
      yocto-queue: 1.2.1
    dev: false

  /path-key@3.1.1:
    resolution: {integrity: sha512-ojmeN0qd+y0jszEtoY48r0Peq5dwMEkIlCOu6Q5f41lfkswXuKtYrhgoTpLnyIcHm24Uhqx+5Tqm2InSwLhE6Q==}
    engines: {node: '>=8'}
    dev: false

  /path-key@4.0.0:
    resolution: {integrity: sha512-haREypq7xkM7ErfgIyA0z+Bj4AGKlMSdlQE2jvJo6huWD1EdkKYV+G/T4nq0YEF2vgTT8kqMFKo1uHn950r4SQ==}
    engines: {node: '>=12'}
    dev: false

  /pathe@1.1.2:
    resolution: {integrity: sha512-whLdWMYL2TwI08hn8/ZqAbrVemu0LNaNNJZX73O6qaIdCTfXutsLhMkjdENX0qhsQ9uIimo4/aQOmXkoon2nDQ==}
    dev: false

  /pathe@2.0.3:
    resolution: {integrity: sha512-WUjGcAqP1gQacoQe+OBJsFA7Ld4DyXuUIjZ5cc75cLHvJ7dtNsTugphxIADwspS+AraAUePCKrSVtPLFj/F88w==}
    dev: false

  /pathval@1.1.1:
    resolution: {integrity: sha512-Dp6zGqpTdETdR63lehJYPeIOqpiNBNtc7BpWSLrOje7UaIsE5aY92r/AunQA7rsXvet3lrJ3JnZX29UPTKXyKQ==}
    dev: false

  /picocolors@1.1.1:
    resolution: {integrity: sha512-xceH2snhtb5M9liqDsmEw56le376mTZkEX/jEb/RxNFyegNul7eNslCXP9FDj/Lcu0X8KEyMceP2ntpaHrDEVA==}

  /picomatch@4.0.3:
    resolution: {integrity: sha512-5gTmgEY/sqK6gFXLIsQNH19lWb4ebPDLA4SdLP7dsWkIXHWlG66oPuVvXSGFPppYZz8ZDZq0dYYrbHfBCVUb1Q==}
    engines: {node: '>=12'}
    dev: true

  /pkg-types@1.3.1:
    resolution: {integrity: sha512-/Jm5M4RvtBFVkKWRu2BLUTNP8/M2a+UwuAX+ae4770q1qVGtfjG+WTCupoZixokjmHiry8uI+dlY8KXYV5HVVQ==}
    dependencies:
      confbox: 0.1.8
      mlly: 1.8.0
      pathe: 2.0.3
    dev: false

  /postcss@8.5.6:
    resolution: {integrity: sha512-3Ybi1tAuwAP9s0r1UQ2J4n5Y0G05bJkpUIO0/bI9MhwmD70S5aTWbXGBwxHrelT+XM1k6dM0pk+SwNkpTRN7Pg==}
    engines: {node: ^10 || ^12 || >=14}
    dependencies:
      nanoid: 3.3.11
      picocolors: 1.1.1
      source-map-js: 1.2.1
    dev: false

  /prettier@3.6.2:
    resolution: {integrity: sha512-I7AIg5boAr5R0FFtJ6rCfD+LFsWHp81dolrFD8S79U9tb8Az2nGrJncnMSnys+bpQJfRUzqs9hnA81OAA3hCuQ==}
    engines: {node: '>=14'}
    hasBin: true

  /pretty-format@29.7.0:
    resolution: {integrity: sha512-Pdlw/oPxN+aXdmM9R00JVC9WVFoCLTKJvDVLgmJ+qAffBMxsV85l/Lu7sNx4zSzPyoL2euImuEwHhOXdEgNFZQ==}
    engines: {node: ^14.15.0 || ^16.10.0 || >=18.0.0}
    dependencies:
      '@jest/schemas': 29.6.3
      ansi-styles: 5.2.0
      react-is: 18.3.1
    dev: false

  /react-is@18.3.1:
    resolution: {integrity: sha512-/LLMVyas0ljjAtoYiPqYiL8VWXzUUdThrmU5+n20DZv+a+ClRoevUzw5JxU+Ieh5/c87ytoTBV9G1FiKfNJdmg==}
    dev: false

  /rollup@4.50.1:
    resolution: {integrity: sha512-78E9voJHwnXQMiQdiqswVLZwJIzdBKJ1GdI5Zx6XwoFKUIk09/sSrr+05QFzvYb8q6Y9pPV45zzDuYa3907TZA==}
    engines: {node: '>=18.0.0', npm: '>=8.0.0'}
    hasBin: true
    dependencies:
      '@types/estree': 1.0.8
    optionalDependencies:
      '@rollup/rollup-android-arm-eabi': 4.50.1
      '@rollup/rollup-android-arm64': 4.50.1
      '@rollup/rollup-darwin-arm64': 4.50.1
      '@rollup/rollup-darwin-x64': 4.50.1
      '@rollup/rollup-freebsd-arm64': 4.50.1
      '@rollup/rollup-freebsd-x64': 4.50.1
      '@rollup/rollup-linux-arm-gnueabihf': 4.50.1
      '@rollup/rollup-linux-arm-musleabihf': 4.50.1
      '@rollup/rollup-linux-arm64-gnu': 4.50.1
      '@rollup/rollup-linux-arm64-musl': 4.50.1
      '@rollup/rollup-linux-loongarch64-gnu': 4.50.1
      '@rollup/rollup-linux-ppc64-gnu': 4.50.1
      '@rollup/rollup-linux-riscv64-gnu': 4.50.1
      '@rollup/rollup-linux-riscv64-musl': 4.50.1
      '@rollup/rollup-linux-s390x-gnu': 4.50.1
      '@rollup/rollup-linux-x64-gnu': 4.50.1
      '@rollup/rollup-linux-x64-musl': 4.50.1
      '@rollup/rollup-openharmony-arm64': 4.50.1
      '@rollup/rollup-win32-arm64-msvc': 4.50.1
      '@rollup/rollup-win32-ia32-msvc': 4.50.1
      '@rollup/rollup-win32-x64-msvc': 4.50.1
      fsevents: 2.3.3
    dev: false

  /rsbuild-plugin-dts@0.13.2(@rsbuild/core@1.5.4)(typescript@5.9.2):
    resolution: {integrity: sha512-Tw88Jl6eqhUcI9JLFXGCaw4Oiqe1IfD7rbLWvV9OPJwsRdV129WJ4ccnI0x7tDpnLDV0xhW/+b/9wGyK28jSgg==}
    engines: {node: '>=18.12.0'}
    peerDependencies:
      '@microsoft/api-extractor': ^7
      '@rsbuild/core': 1.x
      '@typescript/native-preview': 7.x
      typescript: ^5
    peerDependenciesMeta:
      '@microsoft/api-extractor':
        optional: true
      '@typescript/native-preview':
        optional: true
      typescript:
        optional: true
    dependencies:
      '@ast-grep/napi': 0.37.0
      '@rsbuild/core': 1.5.4
      magic-string: 0.30.19
      picocolors: 1.1.1
      tinyglobby: 0.2.15
      tsconfig-paths: 4.2.0
      typescript: 5.9.2
    dev: true

  /shebang-command@2.0.0:
    resolution: {integrity: sha512-kHxr2zZpYtdmrN1qDjrrX/Z1rR1kG8Dx+gkpK1G4eXmvXswmcE1hTWBWYUzlraYw1/yZp6YuDY77YtvbN0dmDA==}
    engines: {node: '>=8'}
    dependencies:
      shebang-regex: 3.0.0
    dev: false

  /shebang-regex@3.0.0:
    resolution: {integrity: sha512-7++dFhtcx3353uBaq8DDR4NuxBetBzC7ZQOhmTQInHEd6bSrXdiEyzCvG07Z44UYdLShWUyXt5M/yhz8ekcb1A==}
    engines: {node: '>=8'}
    dev: false

  /siginfo@2.0.0:
    resolution: {integrity: sha512-ybx0WO1/8bSBLEWXZvEd7gMW3Sn3JFlW3TvX1nREbDLRNQNaeNN8WK0meBwPdAaOI7TtRRRJn/Es1zhrrCHu7g==}
    dev: false

  /signal-exit@4.1.0:
    resolution: {integrity: sha512-bzyZ1e88w9O1iNJbKnOlvYTrWPDl46O1bG0D3XInv+9tkPrxrN8jUUTiFlDkkmKWgn1M6CfIA13SuGqOa9Korw==}
    engines: {node: '>=14'}
    dev: false

  /source-map-js@1.2.1:
    resolution: {integrity: sha512-UXWMKhLOwVKb728IUtQPXxfYU+usdybtUrK/8uGE8CQMvrhOpwvzDBwj0QhSL7MQc7vIsISBG8VQ8+IDQxpfQA==}
    engines: {node: '>=0.10.0'}
    dev: false

  /stackback@0.0.2:
    resolution: {integrity: sha512-1XMJE5fQo1jGH6Y/7ebnwPOBEkIEnT4QF32d5R1+VXdXveM0IBMJt8zfaxX1P3QhVwrYe+576+jkANtSS2mBbw==}
    dev: false

  /std-env@3.9.0:
    resolution: {integrity: sha512-UGvjygr6F6tpH7o2qyqR6QYpwraIjKSdtzyBdyytFOHmPZY917kwdwLG0RbOjWOnKmnm3PeHjaoLLMie7kPLQw==}
    dev: false

  /strip-bom@3.0.0:
    resolution: {integrity: sha512-vavAMRXOgBVNF6nyEEmL3DBK19iRpDcoIwW+swQ+CbGiu7lju6t+JklA1MHweoWtadgt4ISVUsXLyDq34ddcwA==}
    engines: {node: '>=4'}
    dev: true

  /strip-final-newline@3.0.0:
    resolution: {integrity: sha512-dOESqjYr96iWYylGObzd39EuNTa5VJxyvVAEm5Jnh7KGo75V43Hk1odPQkNDyXNmUR6k+gEiDVXnjB8HJ3crXw==}
    engines: {node: '>=12'}
    dev: false

  /strip-literal@2.1.1:
    resolution: {integrity: sha512-631UJ6O00eNGfMiWG78ck80dfBab8X6IVFB51jZK5Icd7XAs60Z5y7QdSd/wGIklnWvRbUNloVzhOKKmutxQ6Q==}
    dependencies:
      js-tokens: 9.0.1
    dev: false

  /tinybench@2.9.0:
    resolution: {integrity: sha512-0+DUvqWMValLmha6lr4kD8iAMK1HzV0/aKnCtWb9v9641TnP/MFb7Pc2bxoxQjTXAErryXVgUOfv2YqNllqGeg==}
    dev: false

  /tinyglobby@0.2.15:
    resolution: {integrity: sha512-j2Zq4NyQYG5XMST4cbs02Ak8iJUdxRM0XI5QyxXuZOzKOINmWurp3smXu3y5wDcJrptwpSjgXHzIQxR0omXljQ==}
    engines: {node: '>=12.0.0'}
    dependencies:
      fdir: 6.5.0(picomatch@4.0.3)
      picomatch: 4.0.3
    dev: true

  /tinypool@0.8.4:
    resolution: {integrity: sha512-i11VH5gS6IFeLY3gMBQ00/MmLncVP7JLXOw1vlgkytLmJK7QnEr7NXf0LBdxfmNPAeyetukOk0bOYrJrFGjYJQ==}
    engines: {node: '>=14.0.0'}
    dev: false

  /tinyspy@2.2.1:
    resolution: {integrity: sha512-KYad6Vy5VDWV4GH3fjpseMQ/XU2BhIYP7Vzd0LG44qRWm/Yt2WCOTicFdvmgo6gWaqooMQCawTtILVQJupKu7A==}
    engines: {node: '>=14.0.0'}
    dev: false

  /tsconfig-paths@4.2.0:
    resolution: {integrity: sha512-NoZ4roiN7LnbKn9QqE1amc9DJfzvZXxF4xDavcOWt1BPkdx+m+0gJuPM+S0vCe7zTJMYUP0R8pO2XMr+Y8oLIg==}
    engines: {node: '>=6'}
    dependencies:
      json5: 2.2.3
      minimist: 1.2.8
      strip-bom: 3.0.0
    dev: true

  /tslib@2.8.1:
    resolution: {integrity: sha512-oJFu94HQb+KVduSUQL7wnpmqnfmLsOA/nAh6b6EH0wCEoK0/mPeXU6c3wKDV83MkOuHPRHtSXKKU99IBazS/2w==}
    dev: true

  /type-detect@4.1.0:
    resolution: {integrity: sha512-Acylog8/luQ8L7il+geoSxhEkazvkslg7PSNKOX59mbB9cOveP5aq9h74Y7YU8yDpJwetzQQrfIwtf4Wp4LKcw==}
    engines: {node: '>=4'}
    dev: false

  /typescript@5.9.2:
    resolution: {integrity: sha512-CWBzXQrc/qOkhidw1OzBTQuYRbfyxDXJMVJ1XNwUHGROVmuaeiEm3OslpZ1RV96d7SKKjZKrSJu3+t/xlw3R9A==}
    engines: {node: '>=14.17'}
    hasBin: true
    dev: true

  /ufo@1.6.1:
    resolution: {integrity: sha512-9a4/uxlTWJ4+a5i0ooc1rU7C7YOw3wT+UGqdeNNHWnOF9qcMBgLRS+4IYUqbczewFx4mLEig6gawh7X6mFlEkA==}
    dev: false

  /vite-node@1.6.1:
    resolution: {integrity: sha512-YAXkfvGtuTzwWbDSACdJSg4A4DZiAqckWe90Zapc/sEX3XvHcw1NdurM/6od8J207tSDqNbSsgdCacBgvJKFuA==}
    engines: {node: ^18.0.0 || >=20.0.0}
    hasBin: true
    dependencies:
      cac: 6.7.14
      debug: 4.4.3
      pathe: 1.1.2
      picocolors: 1.1.1
      vite: 5.4.20
    transitivePeerDependencies:
      - '@types/node'
      - less
      - lightningcss
      - sass
      - sass-embedded
      - stylus
      - sugarss
      - supports-color
      - terser
    dev: false

  /vite@5.4.20:
    resolution: {integrity: sha512-j3lYzGC3P+B5Yfy/pfKNgVEg4+UtcIJcVRt2cDjIOmhLourAqPqf8P7acgxeiSgUB7E3p2P8/3gNIgDLpwzs4g==}
    engines: {node: ^18.0.0 || >=20.0.0}
    hasBin: true
    peerDependencies:
      '@types/node': ^18.0.0 || >=20.0.0
      less: '*'
      lightningcss: ^1.21.0
      sass: '*'
      sass-embedded: '*'
      stylus: '*'
      sugarss: '*'
      terser: ^5.4.0
    peerDependenciesMeta:
      '@types/node':
        optional: true
      less:
        optional: true
      lightningcss:
        optional: true
      sass:
        optional: true
      sass-embedded:
        optional: true
      stylus:
        optional: true
      sugarss:
        optional: true
      terser:
        optional: true
    dependencies:
      esbuild: 0.21.5
      postcss: 8.5.6
      rollup: 4.50.1
    optionalDependencies:
      fsevents: 2.3.3
    dev: false

  /vitest@1.6.1:
    resolution: {integrity: sha512-Ljb1cnSJSivGN0LqXd/zmDbWEM0RNNg2t1QW/XUhYl/qPqyu7CsqeWtqQXHVaJsecLPuDoak2oJcZN2QoRIOag==}
    engines: {node: ^18.0.0 || >=20.0.0}
    hasBin: true
    peerDependencies:
      '@edge-runtime/vm': '*'
      '@types/node': ^18.0.0 || >=20.0.0
      '@vitest/browser': 1.6.1
      '@vitest/ui': 1.6.1
      happy-dom: '*'
      jsdom: '*'
    peerDependenciesMeta:
      '@edge-runtime/vm':
        optional: true
      '@types/node':
        optional: true
      '@vitest/browser':
        optional: true
      '@vitest/ui':
        optional: true
      happy-dom:
        optional: true
      jsdom:
        optional: true
    dependencies:
      '@vitest/expect': 1.6.1
      '@vitest/runner': 1.6.1
      '@vitest/snapshot': 1.6.1
      '@vitest/spy': 1.6.1
      '@vitest/utils': 1.6.1
      acorn-walk: 8.3.4
      chai: 4.5.0
      debug: 4.4.3
      execa: 8.0.1
      local-pkg: 0.5.1
      magic-string: 0.30.19
      pathe: 1.1.2
      picocolors: 1.1.1
      std-env: 3.9.0
      strip-literal: 2.1.1
      tinybench: 2.9.0
      tinypool: 0.8.4
      vite: 5.4.20
      vite-node: 1.6.1
      why-is-node-running: 2.3.0
    transitivePeerDependencies:
      - less
      - lightningcss
      - sass
      - sass-embedded
      - stylus
      - sugarss
      - supports-color
      - terser
    dev: false

  /which@2.0.2:
    resolution: {integrity: sha512-BLI3Tl1TW3Pvl70l3yq3Y64i+awpwXqsGBYWkkqMtnbXgrMD+yj7rhW0kuEDxzJaYXGjEW5ogapKNMEKNMjibA==}
    engines: {node: '>= 8'}
    hasBin: true
    dependencies:
      isexe: 2.0.0
    dev: false

  /why-is-node-running@2.3.0:
    resolution: {integrity: sha512-hUrmaWBdVDcxvYqnyh09zunKzROWjbZTiNy8dBEjkS7ehEDQibXJ7XvlmtbwuTclUiIyN+CyXQD4Vmko8fNm8w==}
    engines: {node: '>=8'}
    hasBin: true
    dependencies:
      siginfo: 2.0.0
      stackback: 0.0.2
    dev: false

  /yocto-queue@1.2.1:
    resolution: {integrity: sha512-AyeEbWOu/TAXdxlV9wmGcR0+yh2j3vYPGOECcIj2S7MkrLyC7ne+oye2BKTItt0ii2PHk4cDy+95+LshzbXnGg==}
    engines: {node: '>=12.20'}
    dev: false
